
Microsoft Visual Studio Solution File, Format Version 12.00
# Visual Studio Version 17
VisualStudioVersion = 17.4.33027.239
MinimumVisualStudioVersion = 10.0.40219.1
Project("{FAE04EC0-301F-11D3-BF4B-00C04F79EFBC}") = "SimpleServer", "SimpleServer\SimpleServer.csproj", "{ED66D117-3A61-4974-9ECE-12D6E8C88937}"
EndProject
Project("{FAE04EC0-301F-11D3-BF4B-00C04F79EFBC}") = "SimpleClient", "SimpleClient\SimpleClient.csproj", "{750F57F4-9472-474E-A66C-559F8E0A5891}"
EndProject
Project("{FAE04EC0-301F-11D3-BF4B-00C04F79EFBC}") = "Shared", "Shared\Shared.csproj", "{EE0C8100-E02A-40DF-AEDC-7A5E01EF96BD}"
EndProject
Global
	GlobalSection(SolutionConfigurationPlatforms) = preSolution
		Debug|Any CPU = Debug|Any CPU
		Release|Any CPU = Release|Any CPU
	EndGlobalSection
	GlobalSection(ProjectConfigurationPlatforms) = postSolution
		{ED66D117-3A61-4974-9ECE-12D6E8C88937}.Debug|Any CPU.ActiveCfg = Debug|Any CPU
		{ED66D117-3A61-4974-9ECE-12D6E8C88937}.Debug|Any CPU.Build.0 = Debug|Any CPU
		{ED66D117-3A61-4974-9ECE-12D6E8C88937}.Release|Any CPU.ActiveCfg = Release|Any CPU
		{ED66D117-3A61-4974-9ECE-12D6E8C88937}.Release|Any CPU.Build.0 = Release|Any CPU
		{750F57F4-9472-474E-A66C-559F8E0A5891}.Debug|Any CPU.ActiveCfg = Debug|Any CPU
		{750F57F4-9472-474E-A66C-559F8E0A5891}.Debug|Any CPU.Build.0 = Debug|Any CPU
		{750F57F4-9472-474E-A66C-559F8E0A5891}.Release|Any CPU.ActiveCfg = Release|Any CPU
		{750F57F4-9472-474E-A66C-559F8E0A5891}.Release|Any CPU.Build.0 = Release|Any CPU
		{EE0C8100-E02A-40DF-AEDC-7A5E01EF96BD}.Debug|Any CPU.ActiveCfg = Debug|Any CPU
		{EE0C8100-E02A-40DF-AEDC-7A5E01EF96BD}.Debug|Any CPU.Build.0 = Debug|Any CPU
		{EE0C8100-E02A-40DF-AEDC-7A5E01EF96BD}.Release|Any CPU.ActiveCfg = Release|Any CPU
		{EE0C8100-E02A-40DF-AEDC-7A5E01EF96BD}.Release|Any CPU.Build.0 = Release|Any CPU
	EndGlobalSection
	GlobalSection(SolutionProperties) = preSolution
		HideSolutionNode = FALSE
	EndGlobalSection
	GlobalSection(ExtensibilityGlobals) = postSolution
		SolutionGuid = {C15F6218-4E05-4C62-A1EB-25F50798D23B}
	EndGlobalSection
EndGlobal
